// !$*UTF8*$!
{
	archiveVersion = 1;
	classes = {
	};
	objectVersion = 46;
	objects = {

/* Begin PBXBuildFile section */
		8852DD77180A75C500D1AB5F /* Foundation.framework in Frameworks */ = {isa = PBXBuildFile; fileRef = 8852DD76180A75C500D1AB5F /* Foundation.framework */; };
		8852DD79180A75C500D1AB5F /* CoreGraphics.framework in Frameworks */ = {isa = PBXBuildFile; fileRef = 8852DD78180A75C500D1AB5F /* CoreGraphics.framework */; };
		8852DD7B180A75C500D1AB5F /* UIKit.framework in Frameworks */ = {isa = PBXBuildFile; fileRef = 8852DD7A180A75C500D1AB5F /* UIKit.framework */; };
		8852DD7D180A75C500D1AB5F /* CoreData.framework in Frameworks */ = {isa = PBXBuildFile; fileRef = 8852DD7C180A75C500D1AB5F /* CoreData.framework */; };
		8852DD83180A75C500D1AB5F /* InfoPlist.strings in Resources */ = {isa = PBXBuildFile; fileRef = 8852DD81180A75C500D1AB5F /* InfoPlist.strings */; };
		8852DD85180A75C500D1AB5F /* main.m in Sources */ = {isa = PBXBuildFile; fileRef = 8852DD84180A75C500D1AB5F /* main.m */; };
		8852DD89180A75C500D1AB5F /* AppDelegate.m in Sources */ = {isa = PBXBuildFile; fileRef = 8852DD88180A75C500D1AB5F /* AppDelegate.m */; };
		8852DD8C180A75C500D1AB5F /* Main_iPhone.storyboard in Resources */ = {isa = PBXBuildFile; fileRef = 8852DD8A180A75C500D1AB5F /* Main_iPhone.storyboard */; };
		8852DD8F180A75C500D1AB5F /* Main_iPad.storyboard in Resources */ = {isa = PBXBuildFile; fileRef = 8852DD8D180A75C500D1AB5F /* Main_iPad.storyboard */; };
		8852DD92180A75C500D1AB5F /* iTrap.xcdatamodeld in Sources */ = {isa = PBXBuildFile; fileRef = 8852DD90180A75C500D1AB5F /* iTrap.xcdatamodeld */; };
		8852DD95180A75C500D1AB5F /* MasterViewController.m in Sources */ = {isa = PBXBuildFile; fileRef = 8852DD94180A75C500D1AB5F /* MasterViewController.m */; };
		8852DD98180A75C500D1AB5F /* DetailViewController.m in Sources */ = {isa = PBXBuildFile; fileRef = 8852DD97180A75C500D1AB5F /* DetailViewController.m */; };
		8852DD9A180A75C500D1AB5F /* Images.xcassets in Resources */ = {isa = PBXBuildFile; fileRef = 8852DD99180A75C500D1AB5F /* Images.xcassets */; };
		8852DDA1180A75C500D1AB5F /* XCTest.framework in Frameworks */ = {isa = PBXBuildFile; fileRef = 8852DDA0180A75C500D1AB5F /* XCTest.framework */; };
		8852DDA2180A75C500D1AB5F /* Foundation.framework in Frameworks */ = {isa = PBXBuildFile; fileRef = 8852DD76180A75C500D1AB5F /* Foundation.framework */; };
		8852DDA3180A75C500D1AB5F /* UIKit.framework in Frameworks */ = {isa = PBXBuildFile; fileRef = 8852DD7A180A75C500D1AB5F /* UIKit.framework */; };
		8852DDA4180A75C500D1AB5F /* CoreData.framework in Frameworks */ = {isa = PBXBuildFile; fileRef = 8852DD7C180A75C500D1AB5F /* CoreData.framework */; };
		8852DDAC180A75C500D1AB5F /* InfoPlist.strings in Resources */ = {isa = PBXBuildFile; fileRef = 8852DDAA180A75C500D1AB5F /* InfoPlist.strings */; };
		8852DDAE180A75C500D1AB5F /* iTrapTests.m in Sources */ = {isa = PBXBuildFile; fileRef = 8852DDAD180A75C500D1AB5F /* iTrapTests.m */; };
/* End PBXBuildFile section */

/* Begin PBXContainerItemProxy section */
		8852DDA5180A75C500D1AB5F /* PBXContainerItemProxy */ = {
			isa = PBXContainerItemProxy;
			containerPortal = 8852DD6B180A75C500D1AB5F /* Project object */;
			proxyType = 1;
			remoteGlobalIDString = 8852DD72180A75C500D1AB5F;
			remoteInfo = iTrap;
		};
/* End PBXContainerItemProxy section */

/* Begin PBXFileReference section */
		8852DD73180A75C500D1AB5F /* iTrap.app */ = {isa = PBXFileReference; explicitFileType = wrapper.application; includeInIndex = 0; path = iTrap.app; sourceTree = BUILT_PRODUCTS_DIR; };
		8852DD76180A75C500D1AB5F /* Foundation.framework */ = {isa = PBXFileReference; lastKnownFileType = wrapper.framework; name = Foundation.framework; path = System/Library/Frameworks/Foundation.framework; sourceTree = SDKROOT; };
		8852DD78180A75C500D1AB5F /* CoreGraphics.framework */ = {isa = PBXFileReference; lastKnownFileType = wrapper.framework; name = CoreGraphics.framework; path = System/Library/Frameworks/CoreGraphics.framework; sourceTree = SDKROOT; };
		8852DD7A180A75C500D1AB5F /* UIKit.framework */ = {isa = PBXFileReference; lastKnownFileType = wrapper.framework; name = UIKit.framework; path = System/Library/Frameworks/UIKit.framework; sourceTree = SDKROOT; };
		8852DD7C180A75C500D1AB5F /* CoreData.framework */ = {isa = PBXFileReference; lastKnownFileType = wrapper.framework; name = CoreData.framework; path = System/Library/Frameworks/CoreData.framework; sourceTree = SDKROOT; };
		8852DD80180A75C500D1AB5F /* iTrap-Info.plist */ = {isa = PBXFileReference; lastKnownFileType = text.plist.xml; path = "iTrap-Info.plist"; sourceTree = "<group>"; };
		8852DD82180A75C500D1AB5F /* en */ = {isa = PBXFileReference; lastKnownFileType = text.plist.strings; name = en; path = en.lproj/InfoPlist.strings; sourceTree = "<group>"; };
		8852DD84180A75C500D1AB5F /* main.m */ = {isa = PBXFileReference; lastKnownFileType = sourcecode.c.objc; path = main.m; sourceTree = "<group>"; };
		8852DD86180A75C500D1AB5F /* iTrap-Prefix.pch */ = {isa = PBXFileReference; lastKnownFileType = sourcecode.c.h; path = "iTrap-Prefix.pch"; sourceTree = "<group>"; };
		8852DD87180A75C500D1AB5F /* AppDelegate.h */ = {isa = PBXFileReference; lastKnownFileType = sourcecode.c.h; path = AppDelegate.h; sourceTree = "<group>"; };
		8852DD88180A75C500D1AB5F /* AppDelegate.m */ = {isa = PBXFileReference; lastKnownFileType = sourcecode.c.objc; path = AppDelegate.m; sourceTree = "<group>"; };
		8852DD8B180A75C500D1AB5F /* Base */ = {isa = PBXFileReference; lastKnownFileType = file.storyboard; name = Base; path = Base.lproj/Main_iPhone.storyboard; sourceTree = "<group>"; };
		8852DD8E180A75C500D1AB5F /* Base */ = {isa = PBXFileReference; lastKnownFileType = file.storyboard; name = Base; path = Base.lproj/Main_iPad.storyboard; sourceTree = "<group>"; };
		8852DD91180A75C500D1AB5F /* iTrap.xcdatamodel */ = {isa = PBXFileReference; lastKnownFileType = wrapper.xcdatamodel; path = iTrap.xcdatamodel; sourceTree = "<group>"; };
		8852DD93180A75C500D1AB5F /* MasterViewController.h */ = {isa = PBXFileReference; lastKnownFileType = sourcecode.c.h; path = MasterViewController.h; sourceTree = "<group>"; };
		8852DD94180A75C500D1AB5F /* MasterViewController.m */ = {isa = PBXFileReference; lastKnownFileType = sourcecode.c.objc; path = MasterViewController.m; sourceTree = "<group>"; };
		8852DD96180A75C500D1AB5F /* DetailViewController.h */ = {isa = PBXFileReference; lastKnownFileType = sourcecode.c.h; path = DetailViewController.h; sourceTree = "<group>"; };
		8852DD97180A75C500D1AB5F /* DetailViewController.m */ = {isa = PBXFileReference; lastKnownFileType = sourcecode.c.objc; path = DetailViewController.m; sourceTree = "<group>"; };
		8852DD99180A75C500D1AB5F /* Images.xcassets */ = {isa = PBXFileReference; lastKnownFileType = folder.assetcatalog; path = Images.xcassets; sourceTree = "<group>"; };
		8852DD9F180A75C500D1AB5F /* iTrapTests.xctest */ = {isa = PBXFileReference; explicitFileType = wrapper.cfbundle; includeInIndex = 0; path = iTrapTests.xctest; sourceTree = BUILT_PRODUCTS_DIR; };
		8852DDA0180A75C500D1AB5F /* XCTest.framework */ = {isa = PBXFileReference; lastKnownFileType = wrapper.framework; name = XCTest.framework; path = Library/Frameworks/XCTest.framework; sourceTree = DEVELOPER_DIR; };
		8852DDA9180A75C500D1AB5F /* iTrapTests-Info.plist */ = {isa = PBXFileReference; lastKnownFileType = text.plist.xml; path = "iTrapTests-Info.plist"; sourceTree = "<group>"; };
		8852DDAB180A75C500D1AB5F /* en */ = {isa = PBXFileReference; lastKnownFileType = text.plist.strings; name = en; path = en.lproj/InfoPlist.strings; sourceTree = "<group>"; };
		8852DDAD180A75C500D1AB5F /* iTrapTests.m */ = {isa = PBXFileReference; lastKnownFileType = sourcecode.c.objc; path = iTrapTests.m; sourceTree = "<group>"; };
/* End PBXFileReference section */

/* Begin PBXFrameworksBuildPhase section */
		8852DD70180A75C500D1AB5F /* Frameworks */ = {
			isa = PBXFrameworksBuildPhase;
			buildActionMask = 2147483647;
			files = (
				8852DD79180A75C500D1AB5F /* CoreGraphics.framework in Frameworks */,
				8852DD7D180A75C500D1AB5F /* CoreData.framework in Frameworks */,
				8852DD7B180A75C500D1AB5F /* UIKit.framework in Frameworks */,
				8852DD77180A75C500D1AB5F /* Foundation.framework in Frameworks */,
			);
			runOnlyForDeploymentPostprocessing = 0;
		};
		8852DD9C180A75C500D1AB5F /* Frameworks */ = {
			isa = PBXFrameworksBuildPhase;
			buildActionMask = 2147483647;
			files = (
				8852DDA1180A75C500D1AB5F /* XCTest.framework in Frameworks */,
				8852DDA4180A75C500D1AB5F /* CoreData.framework in Frameworks */,
				8852DDA3180A75C500D1AB5F /* UIKit.framework in Frameworks */,
				8852DDA2180A75C500D1AB5F /* Foundation.framework in Frameworks */,
			);
			runOnlyForDeploymentPostprocessing = 0;
		};
/* End PBXFrameworksBuildPhase section */

/* Begin PBXGroup section */
		8852DD6A180A75C500D1AB5F = {
			isa = PBXGroup;
			children = (
				8852DD7E180A75C500D1AB5F /* iTrap */,
				8852DDA7180A75C500D1AB5F /* iTrapTests */,
				8852DD75180A75C500D1AB5F /* Frameworks */,
				8852DD74180A75C500D1AB5F /* Products */,
			);
			sourceTree = "<group>";
		};
		8852DD74180A75C500D1AB5F /* Products */ = {
			isa = PBXGroup;
			children = (
				8852DD73180A75C500D1AB5F /* iTrap.app */,
				8852DD9F180A75C500D1AB5F /* iTrapTests.xctest */,
			);
			name = Products;
			sourceTree = "<group>";
		};
		8852DD75180A75C500D1AB5F /* Frameworks */ = {
			isa = PBXGroup;
			children = (
				8852DD76180A75C500D1AB5F /* Foundation.framework */,
				8852DD78180A75C500D1AB5F /* CoreGraphics.framework */,
				8852DD7A180A75C500D1AB5F /* UIKit.framework */,
				8852DD7C180A75C500D1AB5F /* CoreData.framework */,
				8852DDA0180A75C500D1AB5F /* XCTest.framework */,
			);
			name = Frameworks;
			sourceTree = "<group>";
		};
		8852DD7E180A75C500D1AB5F /* iTrap */ = {
			isa = PBXGroup;
			children = (
				8852DD87180A75C500D1AB5F /* AppDelegate.h */,
				8852DD88180A75C500D1AB5F /* AppDelegate.m */,
				8852DD8A180A75C500D1AB5F /* Main_iPhone.storyboard */,
				8852DD8D180A75C500D1AB5F /* Main_iPad.storyboard */,
				8852DD93180A75C500D1AB5F /* MasterViewController.h */,
				8852DD94180A75C500D1AB5F /* MasterViewController.m */,
				8852DD96180A75C500D1AB5F /* DetailViewController.h */,
				8852DD97180A75C500D1AB5F /* DetailViewController.m */,
				8852DD99180A75C500D1AB5F /* Images.xcassets */,
				8852DD90180A75C500D1AB5F /* iTrap.xcdatamodeld */,
				8852DD7F180A75C500D1AB5F /* Supporting Files */,
			);
			path = iTrap;
			sourceTree = "<group>";
		};
		8852DD7F180A75C500D1AB5F /* Supporting Files */ = {
			isa = PBXGroup;
			children = (
				8852DD80180A75C500D1AB5F /* iTrap-Info.plist */,
				8852DD81180A75C500D1AB5F /* InfoPlist.strings */,
				8852DD84180A75C500D1AB5F /* main.m */,
				8852DD86180A75C500D1AB5F /* iTrap-Prefix.pch */,
			);
			name = "Supporting Files";
			sourceTree = "<group>";
		};
		8852DDA7180A75C500D1AB5F /* iTrapTests */ = {
			isa = PBXGroup;
			children = (
				8852DDAD180A75C500D1AB5F /* iTrapTests.m */,
				8852DDA8180A75C500D1AB5F /* Supporting Files */,
			);
			path = iTrapTests;
			sourceTree = "<group>";
		};
		8852DDA8180A75C500D1AB5F /* Supporting Files */ = {
			isa = PBXGroup;
			children = (
				8852DDA9180A75C500D1AB5F /* iTrapTests-Info.plist */,
				8852DDAA180A75C500D1AB5F /* InfoPlist.strings */,
			);
			name = "Supporting Files";
			sourceTree = "<group>";
		};
/* End PBXGroup section */

/* Begin PBXNativeTarget section */
		8852DD72180A75C500D1AB5F /* iTrap */ = {
			isa = PBXNativeTarget;
			buildConfigurationList = 8852DDB1180A75C500D1AB5F /* Build configuration list for PBXNativeTarget "iTrap" */;
			buildPhases = (
				8852DD6F180A75C500D1AB5F /* Sources */,
				8852DD70180A75C500D1AB5F /* Frameworks */,
				8852DD71180A75C500D1AB5F /* Resources */,
			);
			buildRules = (
			);
			dependencies = (
			);
			name = iTrap;
			productName = iTrap;
			productReference = 8852DD73180A75C500D1AB5F /* iTrap.app */;
			productType = "com.apple.product-type.application";
		};
		8852DD9E180A75C500D1AB5F /* iTrapTests */ = {
			isa = PBXNativeTarget;
			buildConfigurationList = 8852DDB4180A75C500D1AB5F /* Build configuration list for PBXNativeTarget "iTrapTests" */;
			buildPhases = (
				8852DD9B180A75C500D1AB5F /* Sources */,
				8852DD9C180A75C500D1AB5F /* Frameworks */,
				8852DD9D180A75C500D1AB5F /* Resources */,
			);
			buildRules = (
			);
			dependencies = (
				8852DDA6180A75C500D1AB5F /* PBXTargetDependency */,
			);
			name = iTrapTests;
			productName = iTrapTests;
			productReference = 8852DD9F180A75C500D1AB5F /* iTrapTests.xctest */;
			productType = "com.apple.product-type.bundle.unit-test";
		};
/* End PBXNativeTarget section */

/* Begin PBXProject section */
		8852DD6B180A75C500D1AB5F /* Project object */ = {
			isa = PBXProject;
			attributes = {
				LastUpgradeCheck = 0500;
				ORGANIZATIONNAME = "iNevitable Development";
				TargetAttributes = {
					8852DD9E180A75C500D1AB5F = {
						TestTargetID = 8852DD72180A75C500D1AB5F;
					};
				};
			};
			buildConfigurationList = 8852DD6E180A75C500D1AB5F /* Build configuration list for PBXProject "iTrap" */;
			compatibilityVersion = "Xcode 3.2";
			developmentRegion = English;
			hasScannedForEncodings = 0;
			knownRegions = (
				en,
				Base,
			);
			mainGroup = 8852DD6A180A75C500D1AB5F;
			productRefGroup = 8852DD74180A75C500D1AB5F /* Products */;
			projectDirPath = "";
			projectRoot = "";
			targets = (
				8852DD72180A75C500D1AB5F /* iTrap */,
				8852DD9E180A75C500D1AB5F /* iTrapTests */,
			);
		};
/* End PBXProject section */

/* Begin PBXResourcesBuildPhase section */
		8852DD71180A75C500D1AB5F /* Resources */ = {
			isa = PBXResourcesBuildPhase;
			buildActionMask = 2147483647;
			files = (
				8852DD8F180A75C500D1AB5F /* Main_iPad.storyboard in Resources */,
				8852DD9A180A75C500D1AB5F /* Images.xcassets in Resources */,
				8852DD8C180A75C500D1AB5F /* Main_iPhone.storyboard in Resources */,
				8852DD83180A75C500D1AB5F /* InfoPlist.strings in Resources */,
			);
			runOnlyForDeploymentPostprocessing = 0;
		};
		8852DD9D180A75C500D1AB5F /* Resources */ = {
			isa = PBXResourcesBuildPhase;
			buildActionMask = 2147483647;
			files = (
				8852DDAC180A75C500D1AB5F /* InfoPlist.strings in Resources */,
			);
			runOnlyForDeploymentPostprocessing = 0;
		};
/* End PBXResourcesBuildPhase section */

/* Begin PBXSourcesBuildPhase section */
		8852DD6F180A75C500D1AB5F /* Sources */ = {
			isa = PBXSourcesBuildPhase;
			buildActionMask = 2147483647;
			files = (
				8852DD98180A75C500D1AB5F /* DetailViewController.m in Sources */,
				8852DD95180A75C500D1AB5F /* MasterViewController.m in Sources */,
				8852DD92180A75C500D1AB5F /* iTrap.xcdatamodeld in Sources */,
				8852DD89180A75C500D1AB5F /* AppDelegate.m in Sources */,
				8852DD85180A75C500D1AB5F /* main.m in Sources */,
			);
			runOnlyForDeploymentPostprocessing = 0;
		};
		8852DD9B180A75C500D1AB5F /* Sources */ = {
			isa = PBXSourcesBuildPhase;
			buildActionMask = 2147483647;
			files = (
				8852DDAE180A75C500D1AB5F /* iTrapTests.m in Sources */,
			);
			runOnlyForDeploymentPostprocessing = 0;
		};
/* End PBXSourcesBuildPhase section */

/* Begin PBXTargetDependency section */
		8852DDA6180A75C500D1AB5F /* PBXTargetDependency */ = {
			isa = PBXTargetDependency;
			target = 8852DD72180A75C500D1AB5F /* iTrap */;
			targetProxy = 8852DDA5180A75C500D1AB5F /* PBXContainerItemProxy */;
		};
/* End PBXTargetDependency section */

/* Begin PBXVariantGroup section */
		8852DD81180A75C500D1AB5F /* InfoPlist.strings */ = {
			isa = PBXVariantGroup;
			children = (
				8852DD82180A75C500D1AB5F /* en */,
			);
			name = InfoPlist.strings;
			sourceTree = "<group>";
		};
		8852DD8A180A75C500D1AB5F /* Main_iPhone.storyboard */ = {
			isa = PBXVariantGroup;
			children = (
				8852DD8B180A75C500D1AB5F /* Base */,
			);
			name = Main_iPhone.storyboard;
			sourceTree = "<group>";
		};
		8852DD8D180A75C500D1AB5F /* Main_iPad.storyboard */ = {
			isa = PBXVariantGroup;
			children = (
				8852DD8E180A75C500D1AB5F /* Base */,
			);
			name = Main_iPad.storyboard;
			sourceTree = "<group>";
		};
		8852DDAA180A75C500D1AB5F /* InfoPlist.strings */ = {
			isa = PBXVariantGroup;
			children = (
				8852DDAB180A75C500D1AB5F /* en */,
			);
			name = InfoPlist.strings;
			sourceTree = "<group>";
		};
/* End PBXVariantGroup section */

/* Begin XCBuildConfiguration section */
		8852DDAF180A75C500D1AB5F /* Debug */ = {
			isa = XCBuildConfiguration;
			buildSettings = {
				ALWAYS_SEARCH_USER_PATHS = NO;
				ARCHS = "$(ARCHS_STANDARD_INCLUDING_64_BIT)";
				CLANG_CXX_LANGUAGE_STANDARD = "gnu++0x";
				CLANG_CXX_LIBRARY = "libc++";
				CLANG_ENABLE_MODULES = YES;
				CLANG_ENABLE_OBJC_ARC = YES;
				CLANG_WARN_BOOL_CONVERSION = YES;
				CLANG_WARN_CONSTANT_CONVERSION = YES;
				CLANG_WARN_DIRECT_OBJC_ISA_USAGE = YES_ERROR;
				CLANG_WARN_EMPTY_BODY = YES;
				CLANG_WARN_ENUM_CONVERSION = YES;
				CLANG_WARN_INT_CONVERSION = YES;
				CLANG_WARN_OBJC_ROOT_CLASS = YES_ERROR;
				CLANG_WARN__DUPLICATE_METHOD_MATCH = YES;
				"CODE_SIGN_IDENTITY[sdk=iphoneos*]" = "iPhone Developer";
				COPY_PHASE_STRIP = NO;
				GCC_C_LANGUAGE_STANDARD = gnu99;
				GCC_DYNAMIC_NO_PIC = NO;
				GCC_OPTIMIZATION_LEVEL = 0;
				GCC_PREPROCESSOR_DEFINITIONS = (
					"DEBUG=1",
					"$(inherited)",
				);
				GCC_SYMBOLS_PRIVATE_EXTERN = NO;
				GCC_WARN_64_TO_32_BIT_CONVERSION = YES;
				GCC_WARN_ABOUT_RETURN_TYPE = YES_ERROR;
				GCC_WARN_UNDECLARED_SELECTOR = YES;
				GCC_WARN_UNINITIALIZED_AUTOS = YES;
				GCC_WARN_UNUSED_FUNCTION = YES;
				GCC_WARN_UNUSED_VARIABLE = YES;
				IPHONEOS_DEPLOYMENT_TARGET = 7.0;
				ONLY_ACTIVE_ARCH = YES;
				SDKROOT = iphoneos;
				TARGETED_DEVICE_FAMILY = "1,2";
			};
			name = Debug;
		};
		8852DDB0180A75C500D1AB5F /* Release */ = {
			isa = XCBuildConfiguration;
			buildSettings = {
				ALWAYS_SEARCH_USER_PATHS = NO;
				ARCHS = "$(ARCHS_STANDARD_INCLUDING_64_BIT)";
				CLANG_CXX_LANGUAGE_STANDARD = "gnu++0x";
				CLANG_CXX_LIBRARY = "libc++";
				CLANG_ENABLE_MODULES = YES;
				CLANG_ENABLE_OBJC_ARC = YES;
				CLANG_WARN_BOOL_CONVERSION = YES;
				CLANG_WARN_CONSTANT_CONVERSION = YES;
				CLANG_WARN_DIRECT_OBJC_ISA_USAGE = YES_ERROR;
				CLANG_WARN_EMPTY_BODY = YES;
				CLANG_WARN_ENUM_CONVERSION = YES;
				CLANG_WARN_INT_CONVERSION = YES;
				CLANG_WARN_OBJC_ROOT_CLASS = YES_ERROR;
				CLANG_WARN__DUPLICATE_METHOD_MATCH = YES;
				"CODE_SIGN_IDENTITY[sdk=iphoneos*]" = "iPhone Developer";
				COPY_PHASE_STRIP = YES;
				ENABLE_NS_ASSERTIONS = NO;
				GCC_C_LANGUAGE_STANDARD = gnu99;
				GCC_WARN_64_TO_32_BIT_CONVERSION = YES;
				GCC_WARN_ABOUT_RETURN_TYPE = YES_ERROR;
				GCC_WARN_UNDECLARED_SELECTOR = YES;
				GCC_WARN_UNINITIALIZED_AUTOS = YES;
				GCC_WARN_UNUSED_FUNCTION = YES;
				GCC_WARN_UNUSED_VARIABLE = YES;
				IPHONEOS_DEPLOYMENT_TARGET = 7.0;
				SDKROOT = iphoneos;
				TARGETED_DEVICE_FAMILY = "1,2";
				VALIDATE_PRODUCT = YES;
			};
			name = Release;
		};
		8852DDB2180A75C500D1AB5F /* Debug */ = {
			isa = XCBuildConfiguration;
			buildSettings = {
				ASSETCATALOG_COMPILER_APPICON_NAME = AppIcon;
				ASSETCATALOG_COMPILER_LAUNCHIMAGE_NAME = LaunchImage;
				GCC_PRECOMPILE_PREFIX_HEADER = YES;
				GCC_PREFIX_HEADER = "iTrap/iTrap-Prefix.pch";
				INFOPLIST_FILE = "iTrap/iTrap-Info.plist";
				PRODUCT_NAME = "$(TARGET_NAME)";
				WRAPPER_EXTENSION = app;
			};
			name = Debug;
		};
		8852DDB3180A75C500D1AB5F /* Release */ = {
			isa = XCBuildConfiguration;
			buildSettings = {
				ASSETCATALOG_COMPILER_APPICON_NAME = AppIcon;
				ASSETCATALOG_COMPILER_LAUNCHIMAGE_NAME = LaunchImage;
				GCC_PRECOMPILE_PREFIX_HEADER = YES;
				GCC_PREFIX_HEADER = "iTrap/iTrap-Prefix.pch";
				INFOPLIST_FILE = "iTrap/iTrap-Info.plist";
				PRODUCT_NAME = "$(TARGET_NAME)";
				WRAPPER_EXTENSION = app;
			};
			name = Release;
		};
		8852DDB5180A75C500D1AB5F /* Debug */ = {
			isa = XCBuildConfiguration;
			buildSettings = {
				ARCHS = "$(ARCHS_STANDARD_INCLUDING_64_BIT)";
				BUNDLE_LOADER = "$(BUILT_PRODUCTS_DIR)/iTrap.app/iTrap";
				FRAMEWORK_SEARCH_PATHS = (
					"$(SDKROOT)/Developer/Library/Frameworks",
					"$(inherited)",
					"$(DEVELOPER_FRAMEWORKS_DIR)",
				);
				GCC_PRECOMPILE_PREFIX_HEADER = YES;
				GCC_PREFIX_HEADER = "iTrap/iTrap-Prefix.pch";
				GCC_PREPROCESSOR_DEFINITIONS = (
					"DEBUG=1",
					"$(inherited)",
				);
				INFOPLIST_FILE = "iTrapTests/iTrapTests-Info.plist";
				PRODUCT_NAME = "$(TARGET_NAME)";
				TEST_HOST = "$(BUNDLE_LOADER)";
				WRAPPER_EXTENSION = xctest;
			};
			name = Debug;
		};
		8852DDB6180A75C500D1AB5F /* Release */ = {
			isa = XCBuildConfiguration;
			buildSettings = {
				ARCHS = "$(ARCHS_STANDARD_INCLUDING_64_BIT)";
				BUNDLE_LOADER = "$(BUILT_PRODUCTS_DIR)/iTrap.app/iTrap";
				FRAMEWORK_SEARCH_PATHS = (
					"$(SDKROOT)/Developer/Library/Frameworks",
					"$(inherited)",
					"$(DEVELOPER_FRAMEWORKS_DIR)",
				);
				GCC_PRECOMPILE_PREFIX_HEADER = YES;
				GCC_PREFIX_HEADER = "iTrap/iTrap-Prefix.pch";
				INFOPLIST_FILE = "iTrapTests/iTrapTests-Info.plist";
				PRODUCT_NAME = "$(TARGET_NAME)";
				TEST_HOST = "$(BUNDLE_LOADER)";
				WRAPPER_EXTENSION = xctest;
			};
			name = Release;
		};
/* End XCBuildConfiguration section */

/* Begin XCConfigurationList section */
		8852DD6E180A75C500D1AB5F /* Build configuration list for PBXProject "iTrap" */ = {
			isa = XCConfigurationList;
			buildConfigurations = (
				8852DDAF180A75C500D1AB5F /* Debug */,
				8852DDB0180A75C500D1AB5F /* Release */,
			);
			defaultConfigurationIsVisible = 0;
			defaultConfigurationName = Release;
		};
		8852DDB1180A75C500D1AB5F /* Build configuration list for PBXNativeTarget "iTrap" */ = {
			isa = XCConfigurationList;
			buildConfigurations = (
				8852DDB2180A75C500D1AB5F /* Debug */,
				8852DDB3180A75C500D1AB5F /* Release */,
			);
			defaultConfigurationIsVisible = 0;
		};
		8852DDB4180A75C500D1AB5F /* Build configuration list for PBXNativeTarget "iTrapTests" */ = {
			isa = XCConfigurationList;
			buildConfigurations = (
				8852DDB5180A75C500D1AB5F /* Debug */,
				8852DDB6180A75C500D1AB5F /* Release */,
			);
			defaultConfigurationIsVisible = 0;
		};
/* End XCConfigurationList section */

/* Begin XCVersionGroup section */
		8852DD90180A75C500D1AB5F /* iTrap.xcdatamodeld */ = {
			isa = XCVersionGroup;
			children = (
				8852DD91180A75C500D1AB5F /* iTrap.xcdatamodel */,
			);
			currentVersion = 8852DD91180A75C500D1AB5F /* iTrap.xcdatamodel */;
			path = iTrap.xcdatamodeld;
			sourceTree = "<group>";
			versionGroupType = wrapper.xcdatamodel;
		};
/* End XCVersionGroup section */
	};
	rootObject = 8852DD6B180A75C500D1AB5F /* Project object */;
}
